
Microsoft Visual Studio Solution File, Format Version 12.00
# Visual Studio Version 17
VisualStudioVersion = 17.14.36408.4
MinimumVisualStudioVersion = 10.0.40219.1
Project("{2150E333-8FDC-42A3-9474-1A3956D46DE8}") = "src", "src", "{02EA681E-C7D8-13C7-8484-4AC65E1B71E8}"
EndProject
Project("{2150E333-8FDC-42A3-9474-1A3956D46DE8}") = "Services", "Services", "{91F360F2-FC58-44F8-884E-37E6AE793CA9}"
EndProject
Project("{2150E333-8FDC-42A3-9474-1A3956D46DE8}") = "BuildingBlocks", "BuildingBlocks", "{F2F2493F-64C6-486E-82A6-41B2EE8A9CD5}"
EndProject
Project("{2150E333-8FDC-42A3-9474-1A3956D46DE8}") = "Solution Items", "Solution Items", "{8EC462FD-D22E-90A8-E5CE-7E832BA40C5D}"
	ProjectSection(SolutionItems) = preProject
		docker-compose.yml = docker-compose.yml
	EndProjectSection
EndProject
Project("{FAE04EC0-301F-11D3-BF4B-00C04F79EFBC}") = "Identity.API", "Identity.API\Identity.API.csproj", "{A10C3FFC-44FA-4F8F-B498-8B973612D149}"
EndProject
Project("{FAE04EC0-301F-11D3-BF4B-00C04F79EFBC}") = "Movie.API", "Movie.API\Movie.API.csproj", "{74B83C29-F04B-4633-AA43-8DF10131C1EF}"
EndProject
Project("{FAE04EC0-301F-11D3-BF4B-00C04F79EFBC}") = "Cinema.API", "Cinema.API\Cinema.API.csproj", "{D7E9018B-CA54-456B-93CB-8AE05022BEDF}"
EndProject
Project("{FAE04EC0-301F-11D3-BF4B-00C04F79EFBC}") = "Booking.API", "Booking.API\Booking.API.csproj", "{85D0B9A5-AACA-4062-A338-A93C5E95B4E0}"
EndProject
Project("{FAE04EC0-301F-11D3-BF4B-00C04F79EFBC}") = "Payment.API", "Payment.API\Payment.API.csproj", "{7CD1C86C-DB0F-4141-9FDC-9900803C0921}"
EndProject
Project("{FAE04EC0-301F-11D3-BF4B-00C04F79EFBC}") = "Notification.API", "Notification.API\Notification.API.csproj", "{0D7BCB21-3567-4469-984E-A20A8E21B978}"
EndProject
Project("{FAE04EC0-301F-11D3-BF4B-00C04F79EFBC}") = "Cinema.Shared", "Cinema.Shared\Cinema.Shared.csproj", "{73F79743-2A9F-4697-A62E-CCCA3E9E098A}"
EndProject
Project("{FAE04EC0-301F-11D3-BF4B-00C04F79EFBC}") = "Gateway.API", "Gateway.API\Gateway.API.csproj", "{75752D80-1008-4F4A-8112-F492410AD6A8}"
EndProject
Project("{FAE04EC0-301F-11D3-BF4B-00C04F79EFBC}") = "Cinema.Contracts", "Cinema.Contracts\Cinema.Contracts.csproj", "{F1562022-6333-4679-85CD-1290BA686B9F}"
EndProject
Global
	GlobalSection(SolutionConfigurationPlatforms) = preSolution
		Debug|Any CPU = Debug|Any CPU
		Debug|x64 = Debug|x64
		Debug|x86 = Debug|x86
		Release|Any CPU = Release|Any CPU
		Release|x64 = Release|x64
		Release|x86 = Release|x86
	EndGlobalSection
	GlobalSection(ProjectConfigurationPlatforms) = postSolution
		{A10C3FFC-44FA-4F8F-B498-8B973612D149}.Debug|Any CPU.ActiveCfg = Debug|Any CPU
		{A10C3FFC-44FA-4F8F-B498-8B973612D149}.Debug|Any CPU.Build.0 = Debug|Any CPU
		{A10C3FFC-44FA-4F8F-B498-8B973612D149}.Debug|x64.ActiveCfg = Debug|Any CPU
		{A10C3FFC-44FA-4F8F-B498-8B973612D149}.Debug|x64.Build.0 = Debug|Any CPU
		{A10C3FFC-44FA-4F8F-B498-8B973612D149}.Debug|x86.ActiveCfg = Debug|Any CPU
		{A10C3FFC-44FA-4F8F-B498-8B973612D149}.Debug|x86.Build.0 = Debug|Any CPU
		{A10C3FFC-44FA-4F8F-B498-8B973612D149}.Release|Any CPU.ActiveCfg = Release|Any CPU
		{A10C3FFC-44FA-4F8F-B498-8B973612D149}.Release|Any CPU.Build.0 = Release|Any CPU
		{A10C3FFC-44FA-4F8F-B498-8B973612D149}.Release|x64.ActiveCfg = Release|Any CPU
		{A10C3FFC-44FA-4F8F-B498-8B973612D149}.Release|x64.Build.0 = Release|Any CPU
		{A10C3FFC-44FA-4F8F-B498-8B973612D149}.Release|x86.ActiveCfg = Release|Any CPU
		{A10C3FFC-44FA-4F8F-B498-8B973612D149}.Release|x86.Build.0 = Release|Any CPU
		{74B83C29-F04B-4633-AA43-8DF10131C1EF}.Debug|Any CPU.ActiveCfg = Debug|Any CPU
		{74B83C29-F04B-4633-AA43-8DF10131C1EF}.Debug|Any CPU.Build.0 = Debug|Any CPU
		{74B83C29-F04B-4633-AA43-8DF10131C1EF}.Debug|x64.ActiveCfg = Debug|Any CPU
		{74B83C29-F04B-4633-AA43-8DF10131C1EF}.Debug|x64.Build.0 = Debug|Any CPU
		{74B83C29-F04B-4633-AA43-8DF10131C1EF}.Debug|x86.ActiveCfg = Debug|Any CPU
		{74B83C29-F04B-4633-AA43-8DF10131C1EF}.Debug|x86.Build.0 = Debug|Any CPU
		{74B83C29-F04B-4633-AA43-8DF10131C1EF}.Release|Any CPU.ActiveCfg = Release|Any CPU
		{74B83C29-F04B-4633-AA43-8DF10131C1EF}.Release|Any CPU.Build.0 = Release|Any CPU
		{74B83C29-F04B-4633-AA43-8DF10131C1EF}.Release|x64.ActiveCfg = Release|Any CPU
		{74B83C29-F04B-4633-AA43-8DF10131C1EF}.Release|x64.Build.0 = Release|Any CPU
		{74B83C29-F04B-4633-AA43-8DF10131C1EF}.Release|x86.ActiveCfg = Release|Any CPU
		{74B83C29-F04B-4633-AA43-8DF10131C1EF}.Release|x86.Build.0 = Release|Any CPU
		{D7E9018B-CA54-456B-93CB-8AE05022BEDF}.Debug|Any CPU.ActiveCfg = Debug|Any CPU
		{D7E9018B-CA54-456B-93CB-8AE05022BEDF}.Debug|Any CPU.Build.0 = Debug|Any CPU
		{D7E9018B-CA54-456B-93CB-8AE05022BEDF}.Debug|x64.ActiveCfg = Debug|Any CPU
		{D7E9018B-CA54-456B-93CB-8AE05022BEDF}.Debug|x64.Build.0 = Debug|Any CPU
		{D7E9018B-CA54-456B-93CB-8AE05022BEDF}.Debug|x86.ActiveCfg = Debug|Any CPU
		{D7E9018B-CA54-456B-93CB-8AE05022BEDF}.Debug|x86.Build.0 = Debug|Any CPU
		{D7E9018B-CA54-456B-93CB-8AE05022BEDF}.Release|Any CPU.ActiveCfg = Release|Any CPU
		{D7E9018B-CA54-456B-93CB-8AE05022BEDF}.Release|Any CPU.Build.0 = Release|Any CPU
		{D7E9018B-CA54-456B-93CB-8AE05022BEDF}.Release|x64.ActiveCfg = Release|Any CPU
		{D7E9018B-CA54-456B-93CB-8AE05022BEDF}.Release|x64.Build.0 = Release|Any CPU
		{D7E9018B-CA54-456B-93CB-8AE05022BEDF}.Release|x86.ActiveCfg = Release|Any CPU
		{D7E9018B-CA54-456B-93CB-8AE05022BEDF}.Release|x86.Build.0 = Release|Any CPU
		{85D0B9A5-AACA-4062-A338-A93C5E95B4E0}.Debug|Any CPU.ActiveCfg = Debug|Any CPU
		{85D0B9A5-AACA-4062-A338-A93C5E95B4E0}.Debug|Any CPU.Build.0 = Debug|Any CPU
		{85D0B9A5-AACA-4062-A338-A93C5E95B4E0}.Debug|x64.ActiveCfg = Debug|Any CPU
		{85D0B9A5-AACA-4062-A338-A93C5E95B4E0}.Debug|x64.Build.0 = Debug|Any CPU
		{85D0B9A5-AACA-4062-A338-A93C5E95B4E0}.Debug|x86.ActiveCfg = Debug|Any CPU
		{85D0B9A5-AACA-4062-A338-A93C5E95B4E0}.Debug|x86.Build.0 = Debug|Any CPU
		{85D0B9A5-AACA-4062-A338-A93C5E95B4E0}.Release|Any CPU.ActiveCfg = Release|Any CPU
		{85D0B9A5-AACA-4062-A338-A93C5E95B4E0}.Release|Any CPU.Build.0 = Release|Any CPU
		{85D0B9A5-AACA-4062-A338-A93C5E95B4E0}.Release|x64.ActiveCfg = Release|Any CPU
		{85D0B9A5-AACA-4062-A338-A93C5E95B4E0}.Release|x64.Build.0 = Release|Any CPU
		{85D0B9A5-AACA-4062-A338-A93C5E95B4E0}.Release|x86.ActiveCfg = Release|Any CPU
		{85D0B9A5-AACA-4062-A338-A93C5E95B4E0}.Release|x86.Build.0 = Release|Any CPU
		{7CD1C86C-DB0F-4141-9FDC-9900803C0921}.Debug|Any CPU.ActiveCfg = Debug|Any CPU
		{7CD1C86C-DB0F-4141-9FDC-9900803C0921}.Debug|Any CPU.Build.0 = Debug|Any CPU
		{7CD1C86C-DB0F-4141-9FDC-9900803C0921}.Debug|x64.ActiveCfg = Debug|Any CPU
		{7CD1C86C-DB0F-4141-9FDC-9900803C0921}.Debug|x64.Build.0 = Debug|Any CPU
		{7CD1C86C-DB0F-4141-9FDC-9900803C0921}.Debug|x86.ActiveCfg = Debug|Any CPU
		{7CD1C86C-DB0F-4141-9FDC-9900803C0921}.Debug|x86.Build.0 = Debug|Any CPU
		{7CD1C86C-DB0F-4141-9FDC-9900803C0921}.Release|Any CPU.ActiveCfg = Release|Any CPU
		{7CD1C86C-DB0F-4141-9FDC-9900803C0921}.Release|Any CPU.Build.0 = Release|Any CPU
		{7CD1C86C-DB0F-4141-9FDC-9900803C0921}.Release|x64.ActiveCfg = Release|Any CPU
		{7CD1C86C-DB0F-4141-9FDC-9900803C0921}.Release|x64.Build.0 = Release|Any CPU
		{7CD1C86C-DB0F-4141-9FDC-9900803C0921}.Release|x86.ActiveCfg = Release|Any CPU
		{7CD1C86C-DB0F-4141-9FDC-9900803C0921}.Release|x86.Build.0 = Release|Any CPU
		{0D7BCB21-3567-4469-984E-A20A8E21B978}.Debug|Any CPU.ActiveCfg = Debug|Any CPU
		{0D7BCB21-3567-4469-984E-A20A8E21B978}.Debug|Any CPU.Build.0 = Debug|Any CPU
		{0D7BCB21-3567-4469-984E-A20A8E21B978}.Debug|x64.ActiveCfg = Debug|Any CPU
		{0D7BCB21-3567-4469-984E-A20A8E21B978}.Debug|x64.Build.0 = Debug|Any CPU
		{0D7BCB21-3567-4469-984E-A20A8E21B978}.Debug|x86.ActiveCfg = Debug|Any CPU
		{0D7BCB21-3567-4469-984E-A20A8E21B978}.Debug|x86.Build.0 = Debug|Any CPU
		{0D7BCB21-3567-4469-984E-A20A8E21B978}.Release|Any CPU.ActiveCfg = Release|Any CPU
		{0D7BCB21-3567-4469-984E-A20A8E21B978}.Release|Any CPU.Build.0 = Release|Any CPU
		{0D7BCB21-3567-4469-984E-A20A8E21B978}.Release|x64.ActiveCfg = Release|Any CPU
		{0D7BCB21-3567-4469-984E-A20A8E21B978}.Release|x64.Build.0 = Release|Any CPU
		{0D7BCB21-3567-4469-984E-A20A8E21B978}.Release|x86.ActiveCfg = Release|Any CPU
		{0D7BCB21-3567-4469-984E-A20A8E21B978}.Release|x86.Build.0 = Release|Any CPU
		{73F79743-2A9F-4697-A62E-CCCA3E9E098A}.Debug|Any CPU.ActiveCfg = Debug|Any CPU
		{73F79743-2A9F-4697-A62E-CCCA3E9E098A}.Debug|Any CPU.Build.0 = Debug|Any CPU
		{73F79743-2A9F-4697-A62E-CCCA3E9E098A}.Debug|x64.ActiveCfg = Debug|Any CPU
		{73F79743-2A9F-4697-A62E-CCCA3E9E098A}.Debug|x64.Build.0 = Debug|Any CPU
		{73F79743-2A9F-4697-A62E-CCCA3E9E098A}.Debug|x86.ActiveCfg = Debug|Any CPU
		{73F79743-2A9F-4697-A62E-CCCA3E9E098A}.Debug|x86.Build.0 = Debug|Any CPU
		{73F79743-2A9F-4697-A62E-CCCA3E9E098A}.Release|Any CPU.ActiveCfg = Release|Any CPU
		{73F79743-2A9F-4697-A62E-CCCA3E9E098A}.Release|Any CPU.Build.0 = Release|Any CPU
		{73F79743-2A9F-4697-A62E-CCCA3E9E098A}.Release|x64.ActiveCfg = Release|Any CPU
		{73F79743-2A9F-4697-A62E-CCCA3E9E098A}.Release|x64.Build.0 = Release|Any CPU
		{73F79743-2A9F-4697-A62E-CCCA3E9E098A}.Release|x86.ActiveCfg = Release|Any CPU
		{73F79743-2A9F-4697-A62E-CCCA3E9E098A}.Release|x86.Build.0 = Release|Any CPU
		{75752D80-1008-4F4A-8112-F492410AD6A8}.Debug|Any CPU.ActiveCfg = Debug|Any CPU
		{75752D80-1008-4F4A-8112-F492410AD6A8}.Debug|Any CPU.Build.0 = Debug|Any CPU
		{75752D80-1008-4F4A-8112-F492410AD6A8}.Debug|x64.ActiveCfg = Debug|Any CPU
		{75752D80-1008-4F4A-8112-F492410AD6A8}.Debug|x64.Build.0 = Debug|Any CPU
		{75752D80-1008-4F4A-8112-F492410AD6A8}.Debug|x86.ActiveCfg = Debug|Any CPU
		{75752D80-1008-4F4A-8112-F492410AD6A8}.Debug|x86.Build.0 = Debug|Any CPU
		{75752D80-1008-4F4A-8112-F492410AD6A8}.Release|Any CPU.ActiveCfg = Release|Any CPU
		{75752D80-1008-4F4A-8112-F492410AD6A8}.Release|Any CPU.Build.0 = Release|Any CPU
		{75752D80-1008-4F4A-8112-F492410AD6A8}.Release|x64.ActiveCfg = Release|Any CPU
		{75752D80-1008-4F4A-8112-F492410AD6A8}.Release|x64.Build.0 = Release|Any CPU
		{75752D80-1008-4F4A-8112-F492410AD6A8}.Release|x86.ActiveCfg = Release|Any CPU
		{75752D80-1008-4F4A-8112-F492410AD6A8}.Release|x86.Build.0 = Release|Any CPU
		{F1562022-6333-4679-85CD-1290BA686B9F}.Debug|Any CPU.ActiveCfg = Debug|Any CPU
		{F1562022-6333-4679-85CD-1290BA686B9F}.Debug|Any CPU.Build.0 = Debug|Any CPU
		{F1562022-6333-4679-85CD-1290BA686B9F}.Debug|x64.ActiveCfg = Debug|Any CPU
		{F1562022-6333-4679-85CD-1290BA686B9F}.Debug|x64.Build.0 = Debug|Any CPU
		{F1562022-6333-4679-85CD-1290BA686B9F}.Debug|x86.ActiveCfg = Debug|Any CPU
		{F1562022-6333-4679-85CD-1290BA686B9F}.Debug|x86.Build.0 = Debug|Any CPU
		{F1562022-6333-4679-85CD-1290BA686B9F}.Release|Any CPU.ActiveCfg = Release|Any CPU
		{F1562022-6333-4679-85CD-1290BA686B9F}.Release|Any CPU.Build.0 = Release|Any CPU
		{F1562022-6333-4679-85CD-1290BA686B9F}.Release|x64.ActiveCfg = Release|Any CPU
		{F1562022-6333-4679-85CD-1290BA686B9F}.Release|x64.Build.0 = Release|Any CPU
		{F1562022-6333-4679-85CD-1290BA686B9F}.Release|x86.ActiveCfg = Release|Any CPU
		{F1562022-6333-4679-85CD-1290BA686B9F}.Release|x86.Build.0 = Release|Any CPU
	EndGlobalSection
	GlobalSection(SolutionProperties) = preSolution
		HideSolutionNode = FALSE
	EndGlobalSection
	GlobalSection(NestedProjects) = preSolution
		{91F360F2-FC58-44F8-884E-37E6AE793CA9} = {02EA681E-C7D8-13C7-8484-4AC65E1B71E8}
		{F2F2493F-64C6-486E-82A6-41B2EE8A9CD5} = {02EA681E-C7D8-13C7-8484-4AC65E1B71E8}
		{A10C3FFC-44FA-4F8F-B498-8B973612D149} = {91F360F2-FC58-44F8-884E-37E6AE793CA9}
		{74B83C29-F04B-4633-AA43-8DF10131C1EF} = {91F360F2-FC58-44F8-884E-37E6AE793CA9}
		{D7E9018B-CA54-456B-93CB-8AE05022BEDF} = {91F360F2-FC58-44F8-884E-37E6AE793CA9}
		{85D0B9A5-AACA-4062-A338-A93C5E95B4E0} = {91F360F2-FC58-44F8-884E-37E6AE793CA9}
		{7CD1C86C-DB0F-4141-9FDC-9900803C0921} = {91F360F2-FC58-44F8-884E-37E6AE793CA9}
		{0D7BCB21-3567-4469-984E-A20A8E21B978} = {91F360F2-FC58-44F8-884E-37E6AE793CA9}
		{73F79743-2A9F-4697-A62E-CCCA3E9E098A} = {91F360F2-FC58-44F8-884E-37E6AE793CA9}
		{75752D80-1008-4F4A-8112-F492410AD6A8} = {91F360F2-FC58-44F8-884E-37E6AE793CA9}
		{F1562022-6333-4679-85CD-1290BA686B9F} = {F2F2493F-64C6-486E-82A6-41B2EE8A9CD5}
	EndGlobalSection
	GlobalSection(ExtensibilityGlobals) = postSolution
		SolutionGuid = {6574371A-E9E6-4698-B17D-8667BA05640A}
	EndGlobalSection
EndGlobal
